
Microsoft Visual Studio Solution File, Format Version 12.00
# Visual Studio Version 16
VisualStudioVersion = 16.0.30011.22
MinimumVisualStudioVersion = 10.0.40219.1
Project("{9A19103F-16F7-4668-BE54-9A1E7A4F7556}") = "MovieReview.Domain", "MovieReview.Domain\MovieReview.Domain.csproj", "{F8390CF6-F924-495C-A224-77D0A95E5DA0}"
EndProject
Project("{9A19103F-16F7-4668-BE54-9A1E7A4F7556}") = "MovieReview.Application", "MovieReview.Application\MovieReview.Application.csproj", "{0F38C1E5-D42D-4A8D-9FAB-DD283E97BF92}"
EndProject
Project("{9A19103F-16F7-4668-BE54-9A1E7A4F7556}") = "MovieReview.EfDataAccess", "MovieReview.EfDataAccess\MovieReview.EfDataAccess.csproj", "{16FC7795-EAD4-4F83-9B7D-26A0037C7DAF}"
EndProject
Project("{FAE04EC0-301F-11D3-BF4B-00C04F79EFBC}") = "MovieReview.Implementation", "MovieReview.Implementation\MovieReview.Implementation.csproj", "{AC4C2AE6-6E8F-40AB-80F8-90E92F18BF44}"
EndProject
Project("{FAE04EC0-301F-11D3-BF4B-00C04F79EFBC}") = "MovieReview.Api", "MovieReview.Api\MovieReview.Api.csproj", "{6CCD9AB4-F142-43B7-B426-E8659721F5EC}"
EndProject
Global
	GlobalSection(SolutionConfigurationPlatforms) = preSolution
		Debug|Any CPU = Debug|Any CPU
		Release|Any CPU = Release|Any CPU
	EndGlobalSection
	GlobalSection(ProjectConfigurationPlatforms) = postSolution
		{F8390CF6-F924-495C-A224-77D0A95E5DA0}.Debug|Any CPU.ActiveCfg = Debug|Any CPU
		{F8390CF6-F924-495C-A224-77D0A95E5DA0}.Debug|Any CPU.Build.0 = Debug|Any CPU
		{F8390CF6-F924-495C-A224-77D0A95E5DA0}.Release|Any CPU.ActiveCfg = Release|Any CPU
		{F8390CF6-F924-495C-A224-77D0A95E5DA0}.Release|Any CPU.Build.0 = Release|Any CPU
		{0F38C1E5-D42D-4A8D-9FAB-DD283E97BF92}.Debug|Any CPU.ActiveCfg = Debug|Any CPU
		{0F38C1E5-D42D-4A8D-9FAB-DD283E97BF92}.Debug|Any CPU.Build.0 = Debug|Any CPU
		{0F38C1E5-D42D-4A8D-9FAB-DD283E97BF92}.Release|Any CPU.ActiveCfg = Release|Any CPU
		{0F38C1E5-D42D-4A8D-9FAB-DD283E97BF92}.Release|Any CPU.Build.0 = Release|Any CPU
		{16FC7795-EAD4-4F83-9B7D-26A0037C7DAF}.Debug|Any CPU.ActiveCfg = Debug|Any CPU
		{16FC7795-EAD4-4F83-9B7D-26A0037C7DAF}.Debug|Any CPU.Build.0 = Debug|Any CPU
		{16FC7795-EAD4-4F83-9B7D-26A0037C7DAF}.Release|Any CPU.ActiveCfg = Release|Any CPU
		{16FC7795-EAD4-4F83-9B7D-26A0037C7DAF}.Release|Any CPU.Build.0 = Release|Any CPU
		{AC4C2AE6-6E8F-40AB-80F8-90E92F18BF44}.Debug|Any CPU.ActiveCfg = Debug|Any CPU
		{AC4C2AE6-6E8F-40AB-80F8-90E92F18BF44}.Debug|Any CPU.Build.0 = Debug|Any CPU
		{AC4C2AE6-6E8F-40AB-80F8-90E92F18BF44}.Release|Any CPU.ActiveCfg = Release|Any CPU
		{AC4C2AE6-6E8F-40AB-80F8-90E92F18BF44}.Release|Any CPU.Build.0 = Release|Any CPU
		{6CCD9AB4-F142-43B7-B426-E8659721F5EC}.Debug|Any CPU.ActiveCfg = Debug|Any CPU
		{6CCD9AB4-F142-43B7-B426-E8659721F5EC}.Debug|Any CPU.Build.0 = Debug|Any CPU
		{6CCD9AB4-F142-43B7-B426-E8659721F5EC}.Release|Any CPU.ActiveCfg = Release|Any CPU
		{6CCD9AB4-F142-43B7-B426-E8659721F5EC}.Release|Any CPU.Build.0 = Release|Any CPU
	EndGlobalSection
	GlobalSection(SolutionProperties) = preSolution
		HideSolutionNode = FALSE
	EndGlobalSection
	GlobalSection(ExtensibilityGlobals) = postSolution
		SolutionGuid = {43708DBD-F2B0-436D-932B-90B6BC9ADA15}
	EndGlobalSection
EndGlobal
